
Microsoft Visual Studio Solution File, Format Version 12.00
# Visual Studio Version 16
VisualStudioVersion = 16.0.810.6
MinimumVisualStudioVersion = 10.0.40219.1
Project("{FAE04EC0-301F-11D3-BF4B-00C04F79EFBC}") = "CalculatorApp", "CalculatorApp\CalculatorApp.csproj", "{83BCCCA2-F067-422C-BF5B-FB0BC08C78A5}"
EndProject
Global
	GlobalSection(SolutionConfigurationPlatforms) = preSolution
		Debug|Any CPU = Debug|Any CPU
		Release|Any CPU = Release|Any CPU
	EndGlobalSection
	GlobalSection(ProjectConfigurationPlatforms) = postSolution
		{83BCCCA2-F067-422C-BF5B-FB0BC08C78A5}.Debug|Any CPU.ActiveCfg = Debug|Any CPU
		{83BCCCA2-F067-422C-BF5B-FB0BC08C78A5}.Debug|Any CPU.Build.0 = Debug|Any CPU
		{83BCCCA2-F067-422C-BF5B-FB0BC08C78A5}.Release|Any CPU.ActiveCfg = Release|Any CPU
		{83BCCCA2-F067-422C-BF5B-FB0BC08C78A5}.Release|Any CPU.Build.0 = Release|Any CPU
	EndGlobalSection
	GlobalSection(SolutionProperties) = preSolution
		HideSolutionNode = FALSE
	EndGlobalSection
	GlobalSection(ExtensibilityGlobals) = postSolution
		SolutionGuid = {671318D2-0614-4C35-A996-EAB9EE848D2D}
	EndGlobalSection
EndGlobal
